
Microsoft Visual Studio Solution File, Format Version 12.00
# Visual Studio 15
VisualStudioVersion = 15.0.26430.16
MinimumVisualStudioVersion = 10.0.40219.1
Project("{2150E333-8FDC-42A3-9474-1A3956D46DE8}") = "src", "src", "{16CAF80D-3227-4350-884C-96AE11D492DB}"
EndProject
Project("{2150E333-8FDC-42A3-9474-1A3956D46DE8}") = "tests", "tests", "{63ACB413-00ED-456B-A9DF-2F5CD99FFE81}"
EndProject
Project("{9A19103F-16F7-4668-BE54-9A1E7A4F7556}") = "EventBus", "src\EventBus\EventBus.csproj", "{402BA8B5-0C60-4D2E-88A4-AB7BBAD149E9}"
EndProject
Global
	GlobalSection(SolutionConfigurationPlatforms) = preSolution
		Debug|Any CPU = Debug|Any CPU
		Release|Any CPU = Release|Any CPU
	EndGlobalSection
	GlobalSection(ProjectConfigurationPlatforms) = postSolution
		{402BA8B5-0C60-4D2E-88A4-AB7BBAD149E9}.Debug|Any CPU.ActiveCfg = Debug|Any CPU
		{402BA8B5-0C60-4D2E-88A4-AB7BBAD149E9}.Debug|Any CPU.Build.0 = Debug|Any CPU
		{402BA8B5-0C60-4D2E-88A4-AB7BBAD149E9}.Release|Any CPU.ActiveCfg = Release|Any CPU
		{402BA8B5-0C60-4D2E-88A4-AB7BBAD149E9}.Release|Any CPU.Build.0 = Release|Any CPU
	EndGlobalSection
	GlobalSection(SolutionProperties) = preSolution
		HideSolutionNode = FALSE
	EndGlobalSection
	GlobalSection(NestedProjects) = preSolution
		{402BA8B5-0C60-4D2E-88A4-AB7BBAD149E9} = {16CAF80D-3227-4350-884C-96AE11D492DB}
	EndGlobalSection
EndGlobal
